
Microsoft Visual Studio Solution File, Format Version 12.00
# Visual Studio Version 16
VisualStudioVersion = 16.0.31410.357
MinimumVisualStudioVersion = 10.0.40219.1
Project("{2150E333-8FDC-42A3-9474-1A3956D46DE8}") = "Services", "Services", "{3C883546-4978-440C-B410-FF09521CF578}"
EndProject
Project("{2150E333-8FDC-42A3-9474-1A3956D46DE8}") = "Catalog", "Catalog", "{18EE902D-2141-4C9F-8381-9A619D5C3379}"
EndProject
Project("{FAE04EC0-301F-11D3-BF4B-00C04F79EFBC}") = "Catalog.API", "Services\Catalog\Catalog.API\Catalog.API.csproj", "{4AF0C749-1EF7-4053-899F-04CFB31E749F}"
EndProject
Project("{E53339B2-1760-4266-BCC7-CA923CBCF16C}") = "docker-compose", "docker-compose.dcproj", "{DD1BF973-73E4-4340-AAD3-818E9C56EEC4}"
EndProject
Project("{2150E333-8FDC-42A3-9474-1A3956D46DE8}") = "Basket", "Basket", "{944B9F8A-7FBC-4F5B-B65D-7413422197B2}"
EndProject
Project("{FAE04EC0-301F-11D3-BF4B-00C04F79EFBC}") = "Basket.API", "Services\Basket\Basket.API\Basket.API.csproj", "{2FA9B84A-5E5D-49B1-B621-8D16BE4F82A7}"
EndProject
Project("{2150E333-8FDC-42A3-9474-1A3956D46DE8}") = "Discount", "Discount", "{F070A76C-1BB0-48E2-9CD4-C448281AAAB0}"
EndProject
Project("{FAE04EC0-301F-11D3-BF4B-00C04F79EFBC}") = "Discount.API", "Services\Discount\Discount.API\Discount.API.csproj", "{0BCC5379-8739-4D4E-AE54-D1E62B967CF1}"
EndProject
Global
	GlobalSection(SolutionConfigurationPlatforms) = preSolution
		Debug|Any CPU = Debug|Any CPU
		Release|Any CPU = Release|Any CPU
	EndGlobalSection
	GlobalSection(ProjectConfigurationPlatforms) = postSolution
		{4AF0C749-1EF7-4053-899F-04CFB31E749F}.Debug|Any CPU.ActiveCfg = Debug|Any CPU
		{4AF0C749-1EF7-4053-899F-04CFB31E749F}.Debug|Any CPU.Build.0 = Debug|Any CPU
		{4AF0C749-1EF7-4053-899F-04CFB31E749F}.Release|Any CPU.ActiveCfg = Release|Any CPU
		{4AF0C749-1EF7-4053-899F-04CFB31E749F}.Release|Any CPU.Build.0 = Release|Any CPU
		{DD1BF973-73E4-4340-AAD3-818E9C56EEC4}.Debug|Any CPU.ActiveCfg = Debug|Any CPU
		{DD1BF973-73E4-4340-AAD3-818E9C56EEC4}.Debug|Any CPU.Build.0 = Debug|Any CPU
		{DD1BF973-73E4-4340-AAD3-818E9C56EEC4}.Release|Any CPU.ActiveCfg = Release|Any CPU
		{DD1BF973-73E4-4340-AAD3-818E9C56EEC4}.Release|Any CPU.Build.0 = Release|Any CPU
		{2FA9B84A-5E5D-49B1-B621-8D16BE4F82A7}.Debug|Any CPU.ActiveCfg = Debug|Any CPU
		{2FA9B84A-5E5D-49B1-B621-8D16BE4F82A7}.Debug|Any CPU.Build.0 = Debug|Any CPU
		{2FA9B84A-5E5D-49B1-B621-8D16BE4F82A7}.Release|Any CPU.ActiveCfg = Release|Any CPU
		{2FA9B84A-5E5D-49B1-B621-8D16BE4F82A7}.Release|Any CPU.Build.0 = Release|Any CPU
		{0BCC5379-8739-4D4E-AE54-D1E62B967CF1}.Debug|Any CPU.ActiveCfg = Debug|Any CPU
		{0BCC5379-8739-4D4E-AE54-D1E62B967CF1}.Debug|Any CPU.Build.0 = Debug|Any CPU
		{0BCC5379-8739-4D4E-AE54-D1E62B967CF1}.Release|Any CPU.ActiveCfg = Release|Any CPU
		{0BCC5379-8739-4D4E-AE54-D1E62B967CF1}.Release|Any CPU.Build.0 = Release|Any CPU
	EndGlobalSection
	GlobalSection(SolutionProperties) = preSolution
		HideSolutionNode = FALSE
	EndGlobalSection
	GlobalSection(NestedProjects) = preSolution
		{18EE902D-2141-4C9F-8381-9A619D5C3379} = {3C883546-4978-440C-B410-FF09521CF578}
		{4AF0C749-1EF7-4053-899F-04CFB31E749F} = {18EE902D-2141-4C9F-8381-9A619D5C3379}
		{944B9F8A-7FBC-4F5B-B65D-7413422197B2} = {3C883546-4978-440C-B410-FF09521CF578}
		{2FA9B84A-5E5D-49B1-B621-8D16BE4F82A7} = {944B9F8A-7FBC-4F5B-B65D-7413422197B2}
		{F070A76C-1BB0-48E2-9CD4-C448281AAAB0} = {3C883546-4978-440C-B410-FF09521CF578}
		{0BCC5379-8739-4D4E-AE54-D1E62B967CF1} = {F070A76C-1BB0-48E2-9CD4-C448281AAAB0}
	EndGlobalSection
	GlobalSection(ExtensibilityGlobals) = postSolution
		SolutionGuid = {BDC66076-60B9-46D1-93A4-A7BC6AFCE088}
	EndGlobalSection
EndGlobal
